// !$*UTF8*$!
{
	archiveVersion = 1;
	classes = {
	};
	objectVersion = 56;
	objects = {

/* Begin PBXBuildFile section */
		76314F362C241903007295DD /* 카운트 업.swift in Sources */ = {isa = PBXBuildFile; fileRef = 76314F352C241903007295DD /* 카운트 업.swift */; };
		76314F392C241A5A007295DD /* 콜라츠 수열 만들기.swift in Sources */ = {isa = PBXBuildFile; fileRef = 76314F382C241A5A007295DD /* 콜라츠 수열 만들기.swift */; };
		76314F3B2C241CC6007295DD /* 배열 만들기 4.swift in Sources */ = {isa = PBXBuildFile; fileRef = 76314F3A2C241CC6007295DD /* 배열 만들기 4.swift */; };
		76314F3D2C241EAC007295DD /* 간단한 논리 연산.swift in Sources */ = {isa = PBXBuildFile; fileRef = 76314F3C2C241EAC007295DD /* 간단한 논리 연산.swift */; };
		76314F3F2C241F5E007295DD /* 주사위 게임 3.swift in Sources */ = {isa = PBXBuildFile; fileRef = 76314F3E2C241F5E007295DD /* 주사위 게임 3.swift */; };
		76314F412C243834007295DD /* 글자 이어 붙여 문자열 만들기.swift in Sources */ = {isa = PBXBuildFile; fileRef = 76314F402C243834007295DD /* 글자 이어 붙여 문자열 만들기.swift */; };
		76314F442C243BCA007295DD /* 9로 나눈 나머지.swift in Sources */ = {isa = PBXBuildFile; fileRef = 76314F432C243BCA007295DD /* 9로 나눈 나머지.swift */; };
		76314F462C243DC6007295DD /* 문자열 여러 번 뒤집기.swift in Sources */ = {isa = PBXBuildFile; fileRef = 76314F452C243DC6007295DD /* 문자열 여러 번 뒤집기.swift */; };
		764972E02C27E0F900D9FE51 /* 문자열의 앞의 n글자.swift in Sources */ = {isa = PBXBuildFile; fileRef = 764972DF2C27E0F900D9FE51 /* 문자열의 앞의 n글자.swift */; };
		764972E22C27E15D00D9FE51 /* 접두사인지 확인하기.swift in Sources */ = {isa = PBXBuildFile; fileRef = 764972E12C27E15D00D9FE51 /* 접두사인지 확인하기.swift */; };
		764972E42C27E3E700D9FE51 /* 문자열 뒤집기.swift in Sources */ = {isa = PBXBuildFile; fileRef = 764972E32C27E3E600D9FE51 /* 문자열 뒤집기.swift */; };
		764972E62C27E5FA00D9FE51 /* 세로 읽기.swift in Sources */ = {isa = PBXBuildFile; fileRef = 764972E52C27E5FA00D9FE51 /* 세로 읽기.swift */; };
		764972E82C27EB8800D9FE51 /* qr code.swift in Sources */ = {isa = PBXBuildFile; fileRef = 764972E72C27EB8800D9FE51 /* qr code.swift */; };
		764972EA2C27EC0900D9FE51 /* 문자 개수 세기.swift in Sources */ = {isa = PBXBuildFile; fileRef = 764972E92C27EC0900D9FE51 /* 문자 개수 세기.swift */; };
		764972EC2C27F29800D9FE51 /* 배열 만들기 1.swift in Sources */ = {isa = PBXBuildFile; fileRef = 764972EB2C27F29800D9FE51 /* 배열 만들기 1.swift */; };
		764972EE2C27F38C00D9FE51 /* 글자 지우기.swift in Sources */ = {isa = PBXBuildFile; fileRef = 764972ED2C27F38C00D9FE51 /* 글자 지우기.swift */; };
		764972F02C27F4D900D9FE51 /* 카운트 다운.swift in Sources */ = {isa = PBXBuildFile; fileRef = 764972EF2C27F4D900D9FE51 /* 카운트 다운.swift */; };
		764972F22C27F63000D9FE51 /* 가까운 1 찾기.swift in Sources */ = {isa = PBXBuildFile; fileRef = 764972F12C27F63000D9FE51 /* 가까운 1 찾기.swift */; };
		764972F42C27FB4300D9FE51 /* 리스트 자르기.swift in Sources */ = {isa = PBXBuildFile; fileRef = 764972F32C27FB4300D9FE51 /* 리스트 자르기.swift */; };
		764972F62C27FD9C00D9FE51 /* 첫 번째로 나오는 음수.swift in Sources */ = {isa = PBXBuildFile; fileRef = 764972F52C27FD9C00D9FE51 /* 첫 번째로 나오는 음수.swift */; };
		764972F82C27FE8C00D9FE51 /* 배열 만들기 3.swift in Sources */ = {isa = PBXBuildFile; fileRef = 764972F72C27FE8C00D9FE51 /* 배열 만들기 3.swift */; };
		764972FA2C28006100D9FE51 /* 2의 영역.swift in Sources */ = {isa = PBXBuildFile; fileRef = 764972F92C28006100D9FE51 /* 2의 영역.swift */; };
		764972FC2C280DB800D9FE51 /* 배열 조각하기.swift in Sources */ = {isa = PBXBuildFile; fileRef = 764972FB2C280DB800D9FE51 /* 배열 조각하기.swift */; };
		764972FE2C28131400D9FE51 /* n 번째 원소부터.swift in Sources */ = {isa = PBXBuildFile; fileRef = 764972FD2C28131400D9FE51 /* n 번째 원소부터.swift */; };
		76960ACF2C2544EB00788715 /* 배열 만들기 5.swift in Sources */ = {isa = PBXBuildFile; fileRef = 76960ACE2C2544EB00788715 /* 배열 만들기 5.swift */; };
		76960AD12C25510500788715 /* 부분 문자열 이어 붙여 문자열 만들기.swift in Sources */ = {isa = PBXBuildFile; fileRef = 76960AD02C25510500788715 /* 부분 문자열 이어 붙여 문자열 만들기.swift */; };
		76960AD32C2551A800788715 /* 문자열의 뒤의 n글자.swift in Sources */ = {isa = PBXBuildFile; fileRef = 76960AD22C2551A800788715 /* 문자열의 뒤의 n글자.swift */; };
		76960AD52C2552ED00788715 /* 접미사 배열.swift in Sources */ = {isa = PBXBuildFile; fileRef = 76960AD42C2552ED00788715 /* 접미사 배열.swift */; };
		76960AD72C25542400788715 /* 접미사인지 확인하기.swift in Sources */ = {isa = PBXBuildFile; fileRef = 76960AD62C25542400788715 /* 접미사인지 확인하기.swift */; };
		7697EACB2C2AAC77002CBBE5 /* 순서 바꾸기.swift in Sources */ = {isa = PBXBuildFile; fileRef = 7697EACA2C2AAC77002CBBE5 /* 순서 바꾸기.swift */; };
		7697EACD2C2AB3DE002CBBE5 /* 왼쪽 오른쪽.swift in Sources */ = {isa = PBXBuildFile; fileRef = 7697EACC2C2AB3DE002CBBE5 /* 왼쪽 오른쪽.swift */; };
		7697EACF2C2AB997002CBBE5 /* n 번째 원소까지.swift in Sources */ = {isa = PBXBuildFile; fileRef = 7697EACE2C2AB997002CBBE5 /* n 번째 원소까지.swift */; };
		7697EAD12C2ABA68002CBBE5 /* n개 간격의 원소들.swift in Sources */ = {isa = PBXBuildFile; fileRef = 7697EAD02C2ABA68002CBBE5 /* n개 간격의 원소들.swift */; };
		7697EAD32C2ABD2A002CBBE5 /* 홀수 vs 짝수.swift in Sources */ = {isa = PBXBuildFile; fileRef = 7697EAD22C2ABD2A002CBBE5 /* 홀수 vs 짝수.swift */; };
		7697EAD72C2BD364002CBBE5 /* 5명씩.swift in Sources */ = {isa = PBXBuildFile; fileRef = 7697EAD62C2BD364002CBBE5 /* 5명씩.swift */; };
		7697EAD92C2BDAE4002CBBE5 /* 할 일 목록.swift in Sources */ = {isa = PBXBuildFile; fileRef = 7697EAD82C2BDAE4002CBBE5 /* 할 일 목록.swift */; };
		7697EADB2C2BDD22002CBBE5 /* n보다 커질 때까지 더하기.swift in Sources */ = {isa = PBXBuildFile; fileRef = 7697EADA2C2BDD22002CBBE5 /* n보다 커질 때까지 더하기.swift */; };
		7697EADD2C2BDF5D002CBBE5 /* 수열과 구간 쿼리 1.swift in Sources */ = {isa = PBXBuildFile; fileRef = 7697EADC2C2BDF5D002CBBE5 /* 수열과 구간 쿼리 1.swift */; };
		7697EADF2C2BE188002CBBE5 /* 조건에 맞게 수열 변환하기 1.swift in Sources */ = {isa = PBXBuildFile; fileRef = 7697EADE2C2BE188002CBBE5 /* 조건에 맞게 수열 변환하기 1.swift */; };
		7697EAE12C2BE37B002CBBE5 /* 조건에 맞게 수열 변환하기 2.swift in Sources */ = {isa = PBXBuildFile; fileRef = 7697EAE02C2BE37B002CBBE5 /* 조건에 맞게 수열 변환하기 2.swift */; };
		7697EAE32C2BEEA6002CBBE5 /* 1로 만들기.swift in Sources */ = {isa = PBXBuildFile; fileRef = 7697EAE22C2BEEA6002CBBE5 /* 1로 만들기.swift */; };
		7697EAE52C2BEF82002CBBE5 /* 길이에 따른 연산.swift in Sources */ = {isa = PBXBuildFile; fileRef = 7697EAE42C2BEF82002CBBE5 /* 길이에 따른 연산.swift */; };
		76A29ADE2C2006EF0009A6CD /* main.swift in Sources */ = {isa = PBXBuildFile; fileRef = 76A29ADD2C2006EF0009A6CD /* main.swift */; };
		76A29AE72C2007210009A6CD /* 문자열 출력하기.swift in Sources */ = {isa = PBXBuildFile; fileRef = 76A29AE62C2007210009A6CD /* 문자열 출력하기.swift */; };
		76A29AE92C200A990009A6CD /* a와 b 출력하기.swift in Sources */ = {isa = PBXBuildFile; fileRef = 76A29AE82C200A990009A6CD /* a와 b 출력하기.swift */; };
		76A29AEB2C200BF40009A6CD /* 문자열 반복해서 출력하기.swift in Sources */ = {isa = PBXBuildFile; fileRef = 76A29AEA2C200BF40009A6CD /* 문자열 반복해서 출력하기.swift */; };
		76A29AED2C200DAB0009A6CD /* 대소문자 바꿔서 출력하기.swift in Sources */ = {isa = PBXBuildFile; fileRef = 76A29AEC2C200DAB0009A6CD /* 대소문자 바꿔서 출력하기.swift */; };
		76A29AEF2C2011850009A6CD /* 특수문자 출력하기.swift in Sources */ = {isa = PBXBuildFile; fileRef = 76A29AEE2C2011850009A6CD /* 특수문자 출력하기.swift */; };
		76A29AF12C2013800009A6CD /* 덧셈식 출력하기.swift in Sources */ = {isa = PBXBuildFile; fileRef = 76A29AF02C2013800009A6CD /* 덧셈식 출력하기.swift */; };
		76A29AF32C2014260009A6CD /* 문자열붙여서출력하기.swift in Sources */ = {isa = PBXBuildFile; fileRef = 76A29AF22C2014260009A6CD /* 문자열붙여서출력하기.swift */; };
		76A29AF52C20153C0009A6CD /* 문자열 돌리기.swift in Sources */ = {isa = PBXBuildFile; fileRef = 76A29AF42C20153C0009A6CD /* 문자열 돌리기.swift */; };
		76A29AF72C2016290009A6CD /* 홀짝 구분하기.swift in Sources */ = {isa = PBXBuildFile; fileRef = 76A29AF62C2016290009A6CD /* 홀짝 구분하기.swift */; };
		76A29AF92C20174A0009A6CD /* 문자열 겹쳐쓰기.swift in Sources */ = {isa = PBXBuildFile; fileRef = 76A29AF82C20174A0009A6CD /* 문자열 겹쳐쓰기.swift */; };
		76A29AFB2C201EC50009A6CD /* 문자열 섞기.swift in Sources */ = {isa = PBXBuildFile; fileRef = 76A29AFA2C201EC50009A6CD /* 문자열 섞기.swift */; };
		76A29AFD2C2021340009A6CD /* 문자 리스트를 문자열로 변환하기.swift in Sources */ = {isa = PBXBuildFile; fileRef = 76A29AFC2C2021340009A6CD /* 문자 리스트를 문자열로 변환하기.swift */; };
		76A29AFF2C2021D40009A6CD /* 문자열 곱하기.swift in Sources */ = {isa = PBXBuildFile; fileRef = 76A29AFE2C2021D40009A6CD /* 문자열 곱하기.swift */; };
		76A29B012C2026540009A6CD /* 더크게합치기.swift in Sources */ = {isa = PBXBuildFile; fileRef = 76A29B002C2026540009A6CD /* 더크게합치기.swift */; };
		76A29B032C20284F0009A6CD /* 두 수의 연산값 비교하기.swift in Sources */ = {isa = PBXBuildFile; fileRef = 76A29B022C20284F0009A6CD /* 두 수의 연산값 비교하기.swift */; };
		76A29B052C2028E80009A6CD /* n의 배수.swift in Sources */ = {isa = PBXBuildFile; fileRef = 76A29B042C2028E80009A6CD /* n의 배수.swift */; };
		76A29B072C202AE40009A6CD /* 공배수.swift in Sources */ = {isa = PBXBuildFile; fileRef = 76A29B062C202AE40009A6CD /* 공배수.swift */; };
		76A29B092C202C000009A6CD /* 홀짝에 따라 다른 값 반환하기.swift in Sources */ = {isa = PBXBuildFile; fileRef = 76A29B082C202C000009A6CD /* 홀짝에 따라 다른 값 반환하기.swift */; };
		76C4656B2C215C59005C0D38 /* 조건 문자열.swift in Sources */ = {isa = PBXBuildFile; fileRef = 76C4656A2C215C59005C0D38 /* 조건 문자열.swift */; };
		76C4656D2C216C4D005C0D38 /* flag에 따라 다른 값 반환하기.swift in Sources */ = {isa = PBXBuildFile; fileRef = 76C4656C2C216C4D005C0D38 /* flag에 따라 다른 값 반환하기.swift */; };
		76C4656F2C216EC1005C0D38 /* 코드 처리하기.swift in Sources */ = {isa = PBXBuildFile; fileRef = 76C4656E2C216EC1005C0D38 /* 코드 처리하기.swift */; };
		76C465712C22A420005C0D38 /* 등차수열의 특정한 항만 더하기.swift in Sources */ = {isa = PBXBuildFile; fileRef = 76C465702C22A420005C0D38 /* 등차수열의 특정한 항만 더하기.swift */; };
		76C465732C22A7A1005C0D38 /* 주사위 게임 2.swift in Sources */ = {isa = PBXBuildFile; fileRef = 76C465722C22A7A1005C0D38 /* 주사위 게임 2.swift */; };
		76C465752C22AB0C005C0D38 /* 원소들의 곱과 합.swift in Sources */ = {isa = PBXBuildFile; fileRef = 76C465742C22AB0C005C0D38 /* 원소들의 곱과 합.swift */; };
		76C465772C22AE59005C0D38 /* 이어 붙인 수.swift in Sources */ = {isa = PBXBuildFile; fileRef = 76C465762C22AE59005C0D38 /* 이어 붙인 수.swift */; };
		76C465792C22B1D8005C0D38 /* 마지막 두 원소.swift in Sources */ = {isa = PBXBuildFile; fileRef = 76C465782C22B1D8005C0D38 /* 마지막 두 원소.swift */; };
		76C4657B2C22B614005C0D38 /* 수 조작하기 1.swift in Sources */ = {isa = PBXBuildFile; fileRef = 76C4657A2C22B614005C0D38 /* 수 조작하기 1.swift */; };
		76C4657D2C22B86C005C0D38 /* 수 조작하기 2.swift in Sources */ = {isa = PBXBuildFile; fileRef = 76C4657C2C22B86C005C0D38 /* 수 조작하기 2.swift */; };
		76C4657F2C22BDDE005C0D38 /* 수열과 구간 쿼리 3.swift in Sources */ = {isa = PBXBuildFile; fileRef = 76C4657E2C22BDDE005C0D38 /* 수열과 구간 쿼리 3.swift */; };
		76C465812C22D5CA005C0D38 /* 수열과 구간 쿼리 2.swift in Sources */ = {isa = PBXBuildFile; fileRef = 76C465802C22D5CA005C0D38 /* 수열과 구간 쿼리 2.swift */; };
		76C465832C22DEE3005C0D38 /* 수열과 구간 쿼리 4.swift in Sources */ = {isa = PBXBuildFile; fileRef = 76C465822C22DEE3005C0D38 /* 수열과 구간 쿼리 4.swift */; };
		76C465852C22DFCA005C0D38 /* 배열 만들기 2.swift in Sources */ = {isa = PBXBuildFile; fileRef = 76C465842C22DFCA005C0D38 /* 배열 만들기 2.swift */; };
		76C465882C22FF28005C0D38 /* 30804.swift in Sources */ = {isa = PBXBuildFile; fileRef = 76C465872C22FF28005C0D38 /* 30804.swift */; };
/* End PBXBuildFile section */

/* Begin PBXCopyFilesBuildPhase section */
		76A29AD82C2006EF0009A6CD /* CopyFiles */ = {
			isa = PBXCopyFilesBuildPhase;
			buildActionMask = 2147483647;
			dstPath = /usr/share/man/man1/;
			dstSubfolderSpec = 0;
			files = (
			);
			runOnlyForDeploymentPostprocessing = 1;
		};
/* End PBXCopyFilesBuildPhase section */

/* Begin PBXFileReference section */
		76314F352C241903007295DD /* 카운트 업.swift */ = {isa = PBXFileReference; lastKnownFileType = sourcecode.swift; path = "카운트 업.swift"; sourceTree = "<group>"; };
		76314F382C241A5A007295DD /* 콜라츠 수열 만들기.swift */ = {isa = PBXFileReference; lastKnownFileType = sourcecode.swift; path = "콜라츠 수열 만들기.swift"; sourceTree = "<group>"; };
		76314F3A2C241CC6007295DD /* 배열 만들기 4.swift */ = {isa = PBXFileReference; lastKnownFileType = sourcecode.swift; path = "배열 만들기 4.swift"; sourceTree = "<group>"; };
		76314F3C2C241EAC007295DD /* 간단한 논리 연산.swift */ = {isa = PBXFileReference; lastKnownFileType = sourcecode.swift; path = "간단한 논리 연산.swift"; sourceTree = "<group>"; };
		76314F3E2C241F5E007295DD /* 주사위 게임 3.swift */ = {isa = PBXFileReference; lastKnownFileType = sourcecode.swift; path = "주사위 게임 3.swift"; sourceTree = "<group>"; };
		76314F402C243834007295DD /* 글자 이어 붙여 문자열 만들기.swift */ = {isa = PBXFileReference; lastKnownFileType = sourcecode.swift; path = "글자 이어 붙여 문자열 만들기.swift"; sourceTree = "<group>"; };
		76314F432C243BCA007295DD /* 9로 나눈 나머지.swift */ = {isa = PBXFileReference; lastKnownFileType = sourcecode.swift; path = "9로 나눈 나머지.swift"; sourceTree = "<group>"; };
		76314F452C243DC6007295DD /* 문자열 여러 번 뒤집기.swift */ = {isa = PBXFileReference; lastKnownFileType = sourcecode.swift; path = "문자열 여러 번 뒤집기.swift"; sourceTree = "<group>"; };
		764972DF2C27E0F900D9FE51 /* 문자열의 앞의 n글자.swift */ = {isa = PBXFileReference; lastKnownFileType = sourcecode.swift; path = "문자열의 앞의 n글자.swift"; sourceTree = "<group>"; };
		764972E12C27E15D00D9FE51 /* 접두사인지 확인하기.swift */ = {isa = PBXFileReference; lastKnownFileType = sourcecode.swift; path = "접두사인지 확인하기.swift"; sourceTree = "<group>"; };
		764972E32C27E3E600D9FE51 /* 문자열 뒤집기.swift */ = {isa = PBXFileReference; lastKnownFileType = sourcecode.swift; path = "문자열 뒤집기.swift"; sourceTree = "<group>"; };
		764972E52C27E5FA00D9FE51 /* 세로 읽기.swift */ = {isa = PBXFileReference; lastKnownFileType = sourcecode.swift; path = "세로 읽기.swift"; sourceTree = "<group>"; };
		764972E72C27EB8800D9FE51 /* qr code.swift */ = {isa = PBXFileReference; lastKnownFileType = sourcecode.swift; path = "qr code.swift"; sourceTree = "<group>"; };
		764972E92C27EC0900D9FE51 /* 문자 개수 세기.swift */ = {isa = PBXFileReference; lastKnownFileType = sourcecode.swift; path = "문자 개수 세기.swift"; sourceTree = "<group>"; };
		764972EB2C27F29800D9FE51 /* 배열 만들기 1.swift */ = {isa = PBXFileReference; lastKnownFileType = sourcecode.swift; path = "배열 만들기 1.swift"; sourceTree = "<group>"; };
		764972ED2C27F38C00D9FE51 /* 글자 지우기.swift */ = {isa = PBXFileReference; lastKnownFileType = sourcecode.swift; path = "글자 지우기.swift"; sourceTree = "<group>"; };
		764972EF2C27F4D900D9FE51 /* 카운트 다운.swift */ = {isa = PBXFileReference; lastKnownFileType = sourcecode.swift; path = "카운트 다운.swift"; sourceTree = "<group>"; };
		764972F12C27F63000D9FE51 /* 가까운 1 찾기.swift */ = {isa = PBXFileReference; lastKnownFileType = sourcecode.swift; path = "가까운 1 찾기.swift"; sourceTree = "<group>"; };
		764972F32C27FB4300D9FE51 /* 리스트 자르기.swift */ = {isa = PBXFileReference; lastKnownFileType = sourcecode.swift; path = "리스트 자르기.swift"; sourceTree = "<group>"; };
		764972F52C27FD9C00D9FE51 /* 첫 번째로 나오는 음수.swift */ = {isa = PBXFileReference; lastKnownFileType = sourcecode.swift; path = "첫 번째로 나오는 음수.swift"; sourceTree = "<group>"; };
		764972F72C27FE8C00D9FE51 /* 배열 만들기 3.swift */ = {isa = PBXFileReference; lastKnownFileType = sourcecode.swift; path = "배열 만들기 3.swift"; sourceTree = "<group>"; };
		764972F92C28006100D9FE51 /* 2의 영역.swift */ = {isa = PBXFileReference; lastKnownFileType = sourcecode.swift; path = "2의 영역.swift"; sourceTree = "<group>"; };
		764972FB2C280DB800D9FE51 /* 배열 조각하기.swift */ = {isa = PBXFileReference; lastKnownFileType = sourcecode.swift; path = "배열 조각하기.swift"; sourceTree = "<group>"; };
		764972FD2C28131400D9FE51 /* n 번째 원소부터.swift */ = {isa = PBXFileReference; lastKnownFileType = sourcecode.swift; path = "n 번째 원소부터.swift"; sourceTree = "<group>"; };
		76960ACE2C2544EB00788715 /* 배열 만들기 5.swift */ = {isa = PBXFileReference; lastKnownFileType = sourcecode.swift; path = "배열 만들기 5.swift"; sourceTree = "<group>"; };
		76960AD02C25510500788715 /* 부분 문자열 이어 붙여 문자열 만들기.swift */ = {isa = PBXFileReference; lastKnownFileType = sourcecode.swift; path = "부분 문자열 이어 붙여 문자열 만들기.swift"; sourceTree = "<group>"; };
		76960AD22C2551A800788715 /* 문자열의 뒤의 n글자.swift */ = {isa = PBXFileReference; lastKnownFileType = sourcecode.swift; path = "문자열의 뒤의 n글자.swift"; sourceTree = "<group>"; };
		76960AD42C2552ED00788715 /* 접미사 배열.swift */ = {isa = PBXFileReference; lastKnownFileType = sourcecode.swift; path = "접미사 배열.swift"; sourceTree = "<group>"; };
		76960AD62C25542400788715 /* 접미사인지 확인하기.swift */ = {isa = PBXFileReference; lastKnownFileType = sourcecode.swift; path = "접미사인지 확인하기.swift"; sourceTree = "<group>"; };
		7697EACA2C2AAC77002CBBE5 /* 순서 바꾸기.swift */ = {isa = PBXFileReference; lastKnownFileType = sourcecode.swift; path = "순서 바꾸기.swift"; sourceTree = "<group>"; };
		7697EACC2C2AB3DE002CBBE5 /* 왼쪽 오른쪽.swift */ = {isa = PBXFileReference; lastKnownFileType = sourcecode.swift; path = "왼쪽 오른쪽.swift"; sourceTree = "<group>"; };
		7697EACE2C2AB997002CBBE5 /* n 번째 원소까지.swift */ = {isa = PBXFileReference; lastKnownFileType = sourcecode.swift; path = "n 번째 원소까지.swift"; sourceTree = "<group>"; };
		7697EAD02C2ABA68002CBBE5 /* n개 간격의 원소들.swift */ = {isa = PBXFileReference; lastKnownFileType = sourcecode.swift; path = "n개 간격의 원소들.swift"; sourceTree = "<group>"; };
		7697EAD22C2ABD2A002CBBE5 /* 홀수 vs 짝수.swift */ = {isa = PBXFileReference; lastKnownFileType = sourcecode.swift; path = "홀수 vs 짝수.swift"; sourceTree = "<group>"; };
		7697EAD62C2BD364002CBBE5 /* 5명씩.swift */ = {isa = PBXFileReference; lastKnownFileType = sourcecode.swift; path = "5명씩.swift"; sourceTree = "<group>"; };
		7697EAD82C2BDAE4002CBBE5 /* 할 일 목록.swift */ = {isa = PBXFileReference; lastKnownFileType = sourcecode.swift; path = "할 일 목록.swift"; sourceTree = "<group>"; };
		7697EADA2C2BDD22002CBBE5 /* n보다 커질 때까지 더하기.swift */ = {isa = PBXFileReference; lastKnownFileType = sourcecode.swift; path = "n보다 커질 때까지 더하기.swift"; sourceTree = "<group>"; };
		7697EADC2C2BDF5D002CBBE5 /* 수열과 구간 쿼리 1.swift */ = {isa = PBXFileReference; lastKnownFileType = sourcecode.swift; path = "수열과 구간 쿼리 1.swift"; sourceTree = "<group>"; };
		7697EADE2C2BE188002CBBE5 /* 조건에 맞게 수열 변환하기 1.swift */ = {isa = PBXFileReference; lastKnownFileType = sourcecode.swift; path = "조건에 맞게 수열 변환하기 1.swift"; sourceTree = "<group>"; };
		7697EAE02C2BE37B002CBBE5 /* 조건에 맞게 수열 변환하기 2.swift */ = {isa = PBXFileReference; lastKnownFileType = sourcecode.swift; path = "조건에 맞게 수열 변환하기 2.swift"; sourceTree = "<group>"; };
		7697EAE22C2BEEA6002CBBE5 /* 1로 만들기.swift */ = {isa = PBXFileReference; lastKnownFileType = sourcecode.swift; path = "1로 만들기.swift"; sourceTree = "<group>"; };
		7697EAE42C2BEF82002CBBE5 /* 길이에 따른 연산.swift */ = {isa = PBXFileReference; lastKnownFileType = sourcecode.swift; path = "길이에 따른 연산.swift"; sourceTree = "<group>"; };
		76A29ADA2C2006EF0009A6CD /* Algorithm */ = {isa = PBXFileReference; explicitFileType = "compiled.mach-o.executable"; includeInIndex = 0; path = Algorithm; sourceTree = BUILT_PRODUCTS_DIR; };
		76A29ADD2C2006EF0009A6CD /* main.swift */ = {isa = PBXFileReference; lastKnownFileType = sourcecode.swift; path = main.swift; sourceTree = "<group>"; };
		76A29AE62C2007210009A6CD /* 문자열 출력하기.swift */ = {isa = PBXFileReference; lastKnownFileType = sourcecode.swift; path = "문자열 출력하기.swift"; sourceTree = "<group>"; };
		76A29AE82C200A990009A6CD /* a와 b 출력하기.swift */ = {isa = PBXFileReference; lastKnownFileType = sourcecode.swift; path = "a와 b 출력하기.swift"; sourceTree = "<group>"; };
		76A29AEA2C200BF40009A6CD /* 문자열 반복해서 출력하기.swift */ = {isa = PBXFileReference; lastKnownFileType = sourcecode.swift; path = "문자열 반복해서 출력하기.swift"; sourceTree = "<group>"; };
		76A29AEC2C200DAB0009A6CD /* 대소문자 바꿔서 출력하기.swift */ = {isa = PBXFileReference; lastKnownFileType = sourcecode.swift; path = "대소문자 바꿔서 출력하기.swift"; sourceTree = "<group>"; };
		76A29AEE2C2011850009A6CD /* 특수문자 출력하기.swift */ = {isa = PBXFileReference; lastKnownFileType = sourcecode.swift; path = "특수문자 출력하기.swift"; sourceTree = "<group>"; };
		76A29AF02C2013800009A6CD /* 덧셈식 출력하기.swift */ = {isa = PBXFileReference; lastKnownFileType = sourcecode.swift; path = "덧셈식 출력하기.swift"; sourceTree = "<group>"; };
		76A29AF22C2014260009A6CD /* 문자열붙여서출력하기.swift */ = {isa = PBXFileReference; lastKnownFileType = sourcecode.swift; path = "문자열붙여서출력하기.swift"; sourceTree = "<group>"; };
		76A29AF42C20153C0009A6CD /* 문자열 돌리기.swift */ = {isa = PBXFileReference; lastKnownFileType = sourcecode.swift; path = "문자열 돌리기.swift"; sourceTree = "<group>"; };
		76A29AF62C2016290009A6CD /* 홀짝 구분하기.swift */ = {isa = PBXFileReference; lastKnownFileType = sourcecode.swift; path = "홀짝 구분하기.swift"; sourceTree = "<group>"; };
		76A29AF82C20174A0009A6CD /* 문자열 겹쳐쓰기.swift */ = {isa = PBXFileReference; lastKnownFileType = sourcecode.swift; path = "문자열 겹쳐쓰기.swift"; sourceTree = "<group>"; };
		76A29AFA2C201EC50009A6CD /* 문자열 섞기.swift */ = {isa = PBXFileReference; lastKnownFileType = sourcecode.swift; path = "문자열 섞기.swift"; sourceTree = "<group>"; };
		76A29AFC2C2021340009A6CD /* 문자 리스트를 문자열로 변환하기.swift */ = {isa = PBXFileReference; lastKnownFileType = sourcecode.swift; path = "문자 리스트를 문자열로 변환하기.swift"; sourceTree = "<group>"; };
		76A29AFE2C2021D40009A6CD /* 문자열 곱하기.swift */ = {isa = PBXFileReference; lastKnownFileType = sourcecode.swift; path = "문자열 곱하기.swift"; sourceTree = "<group>"; };
		76A29B002C2026540009A6CD /* 더크게합치기.swift */ = {isa = PBXFileReference; lastKnownFileType = sourcecode.swift; path = "더크게합치기.swift"; sourceTree = "<group>"; };
		76A29B022C20284F0009A6CD /* 두 수의 연산값 비교하기.swift */ = {isa = PBXFileReference; lastKnownFileType = sourcecode.swift; path = "두 수의 연산값 비교하기.swift"; sourceTree = "<group>"; };
		76A29B042C2028E80009A6CD /* n의 배수.swift */ = {isa = PBXFileReference; lastKnownFileType = sourcecode.swift; path = "n의 배수.swift"; sourceTree = "<group>"; };
		76A29B062C202AE40009A6CD /* 공배수.swift */ = {isa = PBXFileReference; lastKnownFileType = sourcecode.swift; path = "공배수.swift"; sourceTree = "<group>"; };
		76A29B082C202C000009A6CD /* 홀짝에 따라 다른 값 반환하기.swift */ = {isa = PBXFileReference; lastKnownFileType = sourcecode.swift; path = "홀짝에 따라 다른 값 반환하기.swift"; sourceTree = "<group>"; };
		76C4656A2C215C59005C0D38 /* 조건 문자열.swift */ = {isa = PBXFileReference; lastKnownFileType = sourcecode.swift; path = "조건 문자열.swift"; sourceTree = "<group>"; };
		76C4656C2C216C4D005C0D38 /* flag에 따라 다른 값 반환하기.swift */ = {isa = PBXFileReference; lastKnownFileType = sourcecode.swift; path = "flag에 따라 다른 값 반환하기.swift"; sourceTree = "<group>"; };
		76C4656E2C216EC1005C0D38 /* 코드 처리하기.swift */ = {isa = PBXFileReference; lastKnownFileType = sourcecode.swift; path = "코드 처리하기.swift"; sourceTree = "<group>"; };
		76C465702C22A420005C0D38 /* 등차수열의 특정한 항만 더하기.swift */ = {isa = PBXFileReference; lastKnownFileType = sourcecode.swift; path = "등차수열의 특정한 항만 더하기.swift"; sourceTree = "<group>"; };
		76C465722C22A7A1005C0D38 /* 주사위 게임 2.swift */ = {isa = PBXFileReference; lastKnownFileType = sourcecode.swift; path = "주사위 게임 2.swift"; sourceTree = "<group>"; };
		76C465742C22AB0C005C0D38 /* 원소들의 곱과 합.swift */ = {isa = PBXFileReference; lastKnownFileType = sourcecode.swift; path = "원소들의 곱과 합.swift"; sourceTree = "<group>"; };
		76C465762C22AE59005C0D38 /* 이어 붙인 수.swift */ = {isa = PBXFileReference; lastKnownFileType = sourcecode.swift; path = "이어 붙인 수.swift"; sourceTree = "<group>"; };
		76C465782C22B1D8005C0D38 /* 마지막 두 원소.swift */ = {isa = PBXFileReference; lastKnownFileType = sourcecode.swift; path = "마지막 두 원소.swift"; sourceTree = "<group>"; };
		76C4657A2C22B614005C0D38 /* 수 조작하기 1.swift */ = {isa = PBXFileReference; lastKnownFileType = sourcecode.swift; path = "수 조작하기 1.swift"; sourceTree = "<group>"; };
		76C4657C2C22B86C005C0D38 /* 수 조작하기 2.swift */ = {isa = PBXFileReference; lastKnownFileType = sourcecode.swift; path = "수 조작하기 2.swift"; sourceTree = "<group>"; };
		76C4657E2C22BDDE005C0D38 /* 수열과 구간 쿼리 3.swift */ = {isa = PBXFileReference; lastKnownFileType = sourcecode.swift; path = "수열과 구간 쿼리 3.swift"; sourceTree = "<group>"; };
		76C465802C22D5CA005C0D38 /* 수열과 구간 쿼리 2.swift */ = {isa = PBXFileReference; lastKnownFileType = sourcecode.swift; path = "수열과 구간 쿼리 2.swift"; sourceTree = "<group>"; };
		76C465822C22DEE3005C0D38 /* 수열과 구간 쿼리 4.swift */ = {isa = PBXFileReference; lastKnownFileType = sourcecode.swift; path = "수열과 구간 쿼리 4.swift"; sourceTree = "<group>"; };
		76C465842C22DFCA005C0D38 /* 배열 만들기 2.swift */ = {isa = PBXFileReference; lastKnownFileType = sourcecode.swift; path = "배열 만들기 2.swift"; sourceTree = "<group>"; };
		76C465872C22FF28005C0D38 /* 30804.swift */ = {isa = PBXFileReference; lastKnownFileType = sourcecode.swift; path = 30804.swift; sourceTree = "<group>"; };
/* End PBXFileReference section */

/* Begin PBXFrameworksBuildPhase section */
		76A29AD72C2006EF0009A6CD /* Frameworks */ = {
			isa = PBXFrameworksBuildPhase;
			buildActionMask = 2147483647;
			files = (
			);
			runOnlyForDeploymentPostprocessing = 0;
		};
/* End PBXFrameworksBuildPhase section */

/* Begin PBXGroup section */
		76A29AD12C2006EF0009A6CD = {
			isa = PBXGroup;
			children = (
				76C465862C22FF11005C0D38 /* BaekJoon */,
				76A29AE42C2006FC0009A6CD /* Programmers */,
				76A29ADC2C2006EF0009A6CD /* Algorithm */,
				76A29ADB2C2006EF0009A6CD /* Products */,
			);
			sourceTree = "<group>";
		};
		76A29ADB2C2006EF0009A6CD /* Products */ = {
			isa = PBXGroup;
			children = (
				76A29ADA2C2006EF0009A6CD /* Algorithm */,
			);
			name = Products;
			sourceTree = "<group>";
		};
		76A29ADC2C2006EF0009A6CD /* Algorithm */ = {
			isa = PBXGroup;
			children = (
				76A29ADD2C2006EF0009A6CD /* main.swift */,
			);
			path = Algorithm;
			sourceTree = "<group>";
		};
		76A29AE42C2006FC0009A6CD /* Programmers */ = {
			isa = PBXGroup;
			children = (
				76A29AE52C2007060009A6CD /* LV.0 */,
			);
			path = Programmers;
			sourceTree = "<group>";
		};
		76A29AE52C2007060009A6CD /* LV.0 */ = {
			isa = PBXGroup;
			children = (
				76A29AE62C2007210009A6CD /* 문자열 출력하기.swift */,
				76960AD22C2551A800788715 /* 문자열의 뒤의 n글자.swift */,
				76A29AE82C200A990009A6CD /* a와 b 출력하기.swift */,
				764972FB2C280DB800D9FE51 /* 배열 조각하기.swift */,
				76A29AEA2C200BF40009A6CD /* 문자열 반복해서 출력하기.swift */,
				76A29AEC2C200DAB0009A6CD /* 대소문자 바꿔서 출력하기.swift */,
				76960AD02C25510500788715 /* 부분 문자열 이어 붙여 문자열 만들기.swift */,
				76A29AEE2C2011850009A6CD /* 특수문자 출력하기.swift */,
				764972E32C27E3E600D9FE51 /* 문자열 뒤집기.swift */,
				764972E52C27E5FA00D9FE51 /* 세로 읽기.swift */,
				76A29AF02C2013800009A6CD /* 덧셈식 출력하기.swift */,
				76314F452C243DC6007295DD /* 문자열 여러 번 뒤집기.swift */,
				76A29AF22C2014260009A6CD /* 문자열붙여서출력하기.swift */,
				76A29AF42C20153C0009A6CD /* 문자열 돌리기.swift */,
				76A29AF62C2016290009A6CD /* 홀짝 구분하기.swift */,
				76A29AF82C20174A0009A6CD /* 문자열 겹쳐쓰기.swift */,
				76960AD62C25542400788715 /* 접미사인지 확인하기.swift */,
				764972DF2C27E0F900D9FE51 /* 문자열의 앞의 n글자.swift */,
				764972E12C27E15D00D9FE51 /* 접두사인지 확인하기.swift */,
				76A29AFA2C201EC50009A6CD /* 문자열 섞기.swift */,
				76314F402C243834007295DD /* 글자 이어 붙여 문자열 만들기.swift */,
				76314F432C243BCA007295DD /* 9로 나눈 나머지.swift */,
				76A29AFC2C2021340009A6CD /* 문자 리스트를 문자열로 변환하기.swift */,
				76A29AFE2C2021D40009A6CD /* 문자열 곱하기.swift */,
				76A29B002C2026540009A6CD /* 더크게합치기.swift */,
				76A29B022C20284F0009A6CD /* 두 수의 연산값 비교하기.swift */,
				76A29B042C2028E80009A6CD /* n의 배수.swift */,
				76A29B062C202AE40009A6CD /* 공배수.swift */,
				76A29B082C202C000009A6CD /* 홀짝에 따라 다른 값 반환하기.swift */,
				76C4656A2C215C59005C0D38 /* 조건 문자열.swift */,
				764972F12C27F63000D9FE51 /* 가까운 1 찾기.swift */,
				7697EACA2C2AAC77002CBBE5 /* 순서 바꾸기.swift */,
				7697EACC2C2AB3DE002CBBE5 /* 왼쪽 오른쪽.swift */,
				7697EACE2C2AB997002CBBE5 /* n 번째 원소까지.swift */,
				7697EAD02C2ABA68002CBBE5 /* n개 간격의 원소들.swift */,
				7697EAD22C2ABD2A002CBBE5 /* 홀수 vs 짝수.swift */,
				7697EAD62C2BD364002CBBE5 /* 5명씩.swift */,
				7697EAD82C2BDAE4002CBBE5 /* 할 일 목록.swift */,
				7697EADA2C2BDD22002CBBE5 /* n보다 커질 때까지 더하기.swift */,
				7697EADC2C2BDF5D002CBBE5 /* 수열과 구간 쿼리 1.swift */,
				7697EADE2C2BE188002CBBE5 /* 조건에 맞게 수열 변환하기 1.swift */,
				7697EAE02C2BE37B002CBBE5 /* 조건에 맞게 수열 변환하기 2.swift */,
				7697EAE42C2BEF82002CBBE5 /* 길이에 따른 연산.swift */,
				7697EAE22C2BEEA6002CBBE5 /* 1로 만들기.swift */,
				764972F32C27FB4300D9FE51 /* 리스트 자르기.swift */,
				764972F52C27FD9C00D9FE51 /* 첫 번째로 나오는 음수.swift */,
				764972F72C27FE8C00D9FE51 /* 배열 만들기 3.swift */,
				764972F92C28006100D9FE51 /* 2의 영역.swift */,
				76C4656C2C216C4D005C0D38 /* flag에 따라 다른 값 반환하기.swift */,
				76C4656E2C216EC1005C0D38 /* 코드 처리하기.swift */,
				76C465702C22A420005C0D38 /* 등차수열의 특정한 항만 더하기.swift */,
				76C465842C22DFCA005C0D38 /* 배열 만들기 2.swift */,
				76C465722C22A7A1005C0D38 /* 주사위 게임 2.swift */,
				76C465742C22AB0C005C0D38 /* 원소들의 곱과 합.swift */,
				76C465762C22AE59005C0D38 /* 이어 붙인 수.swift */,
				76C465782C22B1D8005C0D38 /* 마지막 두 원소.swift */,
				76C4657A2C22B614005C0D38 /* 수 조작하기 1.swift */,
				76C4657C2C22B86C005C0D38 /* 수 조작하기 2.swift */,
				76C4657E2C22BDDE005C0D38 /* 수열과 구간 쿼리 3.swift */,
				76C465802C22D5CA005C0D38 /* 수열과 구간 쿼리 2.swift */,
				76C465822C22DEE3005C0D38 /* 수열과 구간 쿼리 4.swift */,
				76314F352C241903007295DD /* 카운트 업.swift */,
				76314F382C241A5A007295DD /* 콜라츠 수열 만들기.swift */,
				76314F3A2C241CC6007295DD /* 배열 만들기 4.swift */,
				76314F3C2C241EAC007295DD /* 간단한 논리 연산.swift */,
				76314F3E2C241F5E007295DD /* 주사위 게임 3.swift */,
				76960ACE2C2544EB00788715 /* 배열 만들기 5.swift */,
				76960AD42C2552ED00788715 /* 접미사 배열.swift */,
				764972E72C27EB8800D9FE51 /* qr code.swift */,
				764972E92C27EC0900D9FE51 /* 문자 개수 세기.swift */,
				764972EB2C27F29800D9FE51 /* 배열 만들기 1.swift */,
				764972ED2C27F38C00D9FE51 /* 글자 지우기.swift */,
				764972EF2C27F4D900D9FE51 /* 카운트 다운.swift */,
				764972FD2C28131400D9FE51 /* n 번째 원소부터.swift */,
			);
			path = LV.0;
			sourceTree = "<group>";
		};
		76C465862C22FF11005C0D38 /* BaekJoon */ = {
			isa = PBXGroup;
			children = (
				76C465872C22FF28005C0D38 /* 30804.swift */,
			);
			path = BaekJoon;
			sourceTree = "<group>";
		};
/* End PBXGroup section */

/* Begin PBXNativeTarget section */
		76A29AD92C2006EF0009A6CD /* Algorithm */ = {
			isa = PBXNativeTarget;
			buildConfigurationList = 76A29AE12C2006EF0009A6CD /* Build configuration list for PBXNativeTarget "Algorithm" */;
			buildPhases = (
				76A29AD62C2006EF0009A6CD /* Sources */,
				76A29AD72C2006EF0009A6CD /* Frameworks */,
				76A29AD82C2006EF0009A6CD /* CopyFiles */,
			);
			buildRules = (
			);
			dependencies = (
			);
			name = Algorithm;
			productName = Algorithm;
			productReference = 76A29ADA2C2006EF0009A6CD /* Algorithm */;
			productType = "com.apple.product-type.tool";
		};
/* End PBXNativeTarget section */

/* Begin PBXProject section */
		76A29AD22C2006EF0009A6CD /* Project object */ = {
			isa = PBXProject;
			attributes = {
				BuildIndependentTargetsInParallel = 1;
				LastSwiftUpdateCheck = 1500;
				LastUpgradeCheck = 1500;
				TargetAttributes = {
					76A29AD92C2006EF0009A6CD = {
						CreatedOnToolsVersion = 15.0.1;
					};
				};
			};
			buildConfigurationList = 76A29AD52C2006EF0009A6CD /* Build configuration list for PBXProject "Algorithm" */;
			compatibilityVersion = "Xcode 14.0";
			developmentRegion = en;
			hasScannedForEncodings = 0;
			knownRegions = (
				en,
				Base,
			);
			mainGroup = 76A29AD12C2006EF0009A6CD;
			productRefGroup = 76A29ADB2C2006EF0009A6CD /* Products */;
			projectDirPath = "";
			projectRoot = "";
			targets = (
				76A29AD92C2006EF0009A6CD /* Algorithm */,
			);
		};
/* End PBXProject section */

/* Begin PBXSourcesBuildPhase section */
		76A29AD62C2006EF0009A6CD /* Sources */ = {
			isa = PBXSourcesBuildPhase;
			buildActionMask = 2147483647;
			files = (
				76A29AF72C2016290009A6CD /* 홀짝 구분하기.swift in Sources */,
				7697EAE12C2BE37B002CBBE5 /* 조건에 맞게 수열 변환하기 2.swift in Sources */,
				76A29AFD2C2021340009A6CD /* 문자 리스트를 문자열로 변환하기.swift in Sources */,
				76A29AF92C20174A0009A6CD /* 문자열 겹쳐쓰기.swift in Sources */,
				76C4656F2C216EC1005C0D38 /* 코드 처리하기.swift in Sources */,
				7697EAE32C2BEEA6002CBBE5 /* 1로 만들기.swift in Sources */,
				76960ACF2C2544EB00788715 /* 배열 만들기 5.swift in Sources */,
				76A29AEB2C200BF40009A6CD /* 문자열 반복해서 출력하기.swift in Sources */,
				76C4656D2C216C4D005C0D38 /* flag에 따라 다른 값 반환하기.swift in Sources */,
				76C4657D2C22B86C005C0D38 /* 수 조작하기 2.swift in Sources */,
				76C465732C22A7A1005C0D38 /* 주사위 게임 2.swift in Sources */,
				76A29AE72C2007210009A6CD /* 문자열 출력하기.swift in Sources */,
				76314F392C241A5A007295DD /* 콜라츠 수열 만들기.swift in Sources */,
				7697EACD2C2AB3DE002CBBE5 /* 왼쪽 오른쪽.swift in Sources */,
				76C465712C22A420005C0D38 /* 등차수열의 특정한 항만 더하기.swift in Sources */,
				76C4657F2C22BDDE005C0D38 /* 수열과 구간 쿼리 3.swift in Sources */,
				764972E02C27E0F900D9FE51 /* 문자열의 앞의 n글자.swift in Sources */,
				76A29AED2C200DAB0009A6CD /* 대소문자 바꿔서 출력하기.swift in Sources */,
				76C465852C22DFCA005C0D38 /* 배열 만들기 2.swift in Sources */,
				76A29AF32C2014260009A6CD /* 문자열붙여서출력하기.swift in Sources */,
				7697EAD32C2ABD2A002CBBE5 /* 홀수 vs 짝수.swift in Sources */,
				76314F3F2C241F5E007295DD /* 주사위 게임 3.swift in Sources */,
				76A29AEF2C2011850009A6CD /* 특수문자 출력하기.swift in Sources */,
				7697EAD92C2BDAE4002CBBE5 /* 할 일 목록.swift in Sources */,
				76314F3D2C241EAC007295DD /* 간단한 논리 연산.swift in Sources */,
				76C465792C22B1D8005C0D38 /* 마지막 두 원소.swift in Sources */,
				764972E62C27E5FA00D9FE51 /* 세로 읽기.swift in Sources */,
				7697EAD72C2BD364002CBBE5 /* 5명씩.swift in Sources */,
				764972F62C27FD9C00D9FE51 /* 첫 번째로 나오는 음수.swift in Sources */,
				7697EADF2C2BE188002CBBE5 /* 조건에 맞게 수열 변환하기 1.swift in Sources */,
				764972E82C27EB8800D9FE51 /* qr code.swift in Sources */,
				764972F42C27FB4300D9FE51 /* 리스트 자르기.swift in Sources */,
				764972EA2C27EC0900D9FE51 /* 문자 개수 세기.swift in Sources */,
				76960AD52C2552ED00788715 /* 접미사 배열.swift in Sources */,
				76A29AF52C20153C0009A6CD /* 문자열 돌리기.swift in Sources */,
				76C465752C22AB0C005C0D38 /* 원소들의 곱과 합.swift in Sources */,
				76C465772C22AE59005C0D38 /* 이어 붙인 수.swift in Sources */,
				7697EADD2C2BDF5D002CBBE5 /* 수열과 구간 쿼리 1.swift in Sources */,
				76C465812C22D5CA005C0D38 /* 수열과 구간 쿼리 2.swift in Sources */,
				764972F22C27F63000D9FE51 /* 가까운 1 찾기.swift in Sources */,
				76C4656B2C215C59005C0D38 /* 조건 문자열.swift in Sources */,
				764972FE2C28131400D9FE51 /* n 번째 원소부터.swift in Sources */,
				76A29B072C202AE40009A6CD /* 공배수.swift in Sources */,
				76960AD12C25510500788715 /* 부분 문자열 이어 붙여 문자열 만들기.swift in Sources */,
				76A29AFF2C2021D40009A6CD /* 문자열 곱하기.swift in Sources */,
				76A29B012C2026540009A6CD /* 더크게합치기.swift in Sources */,
				76A29AFB2C201EC50009A6CD /* 문자열 섞기.swift in Sources */,
				764972F82C27FE8C00D9FE51 /* 배열 만들기 3.swift in Sources */,
				7697EAE52C2BEF82002CBBE5 /* 길이에 따른 연산.swift in Sources */,
				76A29AE92C200A990009A6CD /* a와 b 출력하기.swift in Sources */,
				7697EAD12C2ABA68002CBBE5 /* n개 간격의 원소들.swift in Sources */,
				7697EACB2C2AAC77002CBBE5 /* 순서 바꾸기.swift in Sources */,
				76960AD32C2551A800788715 /* 문자열의 뒤의 n글자.swift in Sources */,
				76A29B052C2028E80009A6CD /* n의 배수.swift in Sources */,
				764972FA2C28006100D9FE51 /* 2의 영역.swift in Sources */,
				7697EACF2C2AB997002CBBE5 /* n 번째 원소까지.swift in Sources */,
				76A29AF12C2013800009A6CD /* 덧셈식 출력하기.swift in Sources */,
				764972E22C27E15D00D9FE51 /* 접두사인지 확인하기.swift in Sources */,
				764972EC2C27F29800D9FE51 /* 배열 만들기 1.swift in Sources */,
				76960AD72C25542400788715 /* 접미사인지 확인하기.swift in Sources */,
				76A29B032C20284F0009A6CD /* 두 수의 연산값 비교하기.swift in Sources */,
				764972FC2C280DB800D9FE51 /* 배열 조각하기.swift in Sources */,
				76314F462C243DC6007295DD /* 문자열 여러 번 뒤집기.swift in Sources */,
				76C4657B2C22B614005C0D38 /* 수 조작하기 1.swift in Sources */,
				764972F02C27F4D900D9FE51 /* 카운트 다운.swift in Sources */,
				76C465832C22DEE3005C0D38 /* 수열과 구간 쿼리 4.swift in Sources */,
				764972EE2C27F38C00D9FE51 /* 글자 지우기.swift in Sources */,
				76314F442C243BCA007295DD /* 9로 나눈 나머지.swift in Sources */,
				76314F412C243834007295DD /* 글자 이어 붙여 문자열 만들기.swift in Sources */,
				764972E42C27E3E700D9FE51 /* 문자열 뒤집기.swift in Sources */,
				7697EADB2C2BDD22002CBBE5 /* n보다 커질 때까지 더하기.swift in Sources */,
				76A29B092C202C000009A6CD /* 홀짝에 따라 다른 값 반환하기.swift in Sources */,
				76314F362C241903007295DD /* 카운트 업.swift in Sources */,
				76314F3B2C241CC6007295DD /* 배열 만들기 4.swift in Sources */,
				76A29ADE2C2006EF0009A6CD /* main.swift in Sources */,
				76C465882C22FF28005C0D38 /* 30804.swift in Sources */,
			);
			runOnlyForDeploymentPostprocessing = 0;
		};
/* End PBXSourcesBuildPhase section */

/* Begin XCBuildConfiguration section */
		76A29ADF2C2006EF0009A6CD /* Debug */ = {
			isa = XCBuildConfiguration;
			buildSettings = {
				ALWAYS_SEARCH_USER_PATHS = NO;
				ASSETCATALOG_COMPILER_GENERATE_SWIFT_ASSET_SYMBOL_EXTENSIONS = YES;
				CLANG_ANALYZER_NONNULL = YES;
				CLANG_ANALYZER_NUMBER_OBJECT_CONVERSION = YES_AGGRESSIVE;
				CLANG_CXX_LANGUAGE_STANDARD = "gnu++20";
				CLANG_ENABLE_MODULES = YES;
				CLANG_ENABLE_OBJC_ARC = YES;
				CLANG_ENABLE_OBJC_WEAK = YES;
				CLANG_WARN_BLOCK_CAPTURE_AUTORELEASING = YES;
				CLANG_WARN_BOOL_CONVERSION = YES;
				CLANG_WARN_COMMA = YES;
				CLANG_WARN_CONSTANT_CONVERSION = YES;
				CLANG_WARN_DEPRECATED_OBJC_IMPLEMENTATIONS = YES;
				CLANG_WARN_DIRECT_OBJC_ISA_USAGE = YES_ERROR;
				CLANG_WARN_DOCUMENTATION_COMMENTS = YES;
				CLANG_WARN_EMPTY_BODY = YES;
				CLANG_WARN_ENUM_CONVERSION = YES;
				CLANG_WARN_INFINITE_RECURSION = YES;
				CLANG_WARN_INT_CONVERSION = YES;
				CLANG_WARN_NON_LITERAL_NULL_CONVERSION = YES;
				CLANG_WARN_OBJC_IMPLICIT_RETAIN_SELF = YES;
				CLANG_WARN_OBJC_LITERAL_CONVERSION = YES;
				CLANG_WARN_OBJC_ROOT_CLASS = YES_ERROR;
				CLANG_WARN_QUOTED_INCLUDE_IN_FRAMEWORK_HEADER = YES;
				CLANG_WARN_RANGE_LOOP_ANALYSIS = YES;
				CLANG_WARN_STRICT_PROTOTYPES = YES;
				CLANG_WARN_SUSPICIOUS_MOVE = YES;
				CLANG_WARN_UNGUARDED_AVAILABILITY = YES_AGGRESSIVE;
				CLANG_WARN_UNREACHABLE_CODE = YES;
				CLANG_WARN__DUPLICATE_METHOD_MATCH = YES;
				COPY_PHASE_STRIP = NO;
				DEBUG_INFORMATION_FORMAT = dwarf;
				ENABLE_STRICT_OBJC_MSGSEND = YES;
				ENABLE_TESTABILITY = YES;
				ENABLE_USER_SCRIPT_SANDBOXING = YES;
				GCC_C_LANGUAGE_STANDARD = gnu17;
				GCC_DYNAMIC_NO_PIC = NO;
				GCC_NO_COMMON_BLOCKS = YES;
				GCC_OPTIMIZATION_LEVEL = 0;
				GCC_PREPROCESSOR_DEFINITIONS = (
					"DEBUG=1",
					"$(inherited)",
				);
				GCC_WARN_64_TO_32_BIT_CONVERSION = YES;
				GCC_WARN_ABOUT_RETURN_TYPE = YES_ERROR;
				GCC_WARN_UNDECLARED_SELECTOR = YES;
				GCC_WARN_UNINITIALIZED_AUTOS = YES_AGGRESSIVE;
				GCC_WARN_UNUSED_FUNCTION = YES;
				GCC_WARN_UNUSED_VARIABLE = YES;
				LOCALIZATION_PREFERS_STRING_CATALOGS = YES;
				MACOSX_DEPLOYMENT_TARGET = 14.0;
				MTL_ENABLE_DEBUG_INFO = INCLUDE_SOURCE;
				MTL_FAST_MATH = YES;
				ONLY_ACTIVE_ARCH = YES;
				SDKROOT = macosx;
				SWIFT_ACTIVE_COMPILATION_CONDITIONS = "DEBUG $(inherited)";
				SWIFT_OPTIMIZATION_LEVEL = "-Onone";
			};
			name = Debug;
		};
		76A29AE02C2006EF0009A6CD /* Release */ = {
			isa = XCBuildConfiguration;
			buildSettings = {
				ALWAYS_SEARCH_USER_PATHS = NO;
				ASSETCATALOG_COMPILER_GENERATE_SWIFT_ASSET_SYMBOL_EXTENSIONS = YES;
				CLANG_ANALYZER_NONNULL = YES;
				CLANG_ANALYZER_NUMBER_OBJECT_CONVERSION = YES_AGGRESSIVE;
				CLANG_CXX_LANGUAGE_STANDARD = "gnu++20";
				CLANG_ENABLE_MODULES = YES;
				CLANG_ENABLE_OBJC_ARC = YES;
				CLANG_ENABLE_OBJC_WEAK = YES;
				CLANG_WARN_BLOCK_CAPTURE_AUTORELEASING = YES;
				CLANG_WARN_BOOL_CONVERSION = YES;
				CLANG_WARN_COMMA = YES;
				CLANG_WARN_CONSTANT_CONVERSION = YES;
				CLANG_WARN_DEPRECATED_OBJC_IMPLEMENTATIONS = YES;
				CLANG_WARN_DIRECT_OBJC_ISA_USAGE = YES_ERROR;
				CLANG_WARN_DOCUMENTATION_COMMENTS = YES;
				CLANG_WARN_EMPTY_BODY = YES;
				CLANG_WARN_ENUM_CONVERSION = YES;
				CLANG_WARN_INFINITE_RECURSION = YES;
				CLANG_WARN_INT_CONVERSION = YES;
				CLANG_WARN_NON_LITERAL_NULL_CONVERSION = YES;
				CLANG_WARN_OBJC_IMPLICIT_RETAIN_SELF = YES;
				CLANG_WARN_OBJC_LITERAL_CONVERSION = YES;
				CLANG_WARN_OBJC_ROOT_CLASS = YES_ERROR;
				CLANG_WARN_QUOTED_INCLUDE_IN_FRAMEWORK_HEADER = YES;
				CLANG_WARN_RANGE_LOOP_ANALYSIS = YES;
				CLANG_WARN_STRICT_PROTOTYPES = YES;
				CLANG_WARN_SUSPICIOUS_MOVE = YES;
				CLANG_WARN_UNGUARDED_AVAILABILITY = YES_AGGRESSIVE;
				CLANG_WARN_UNREACHABLE_CODE = YES;
				CLANG_WARN__DUPLICATE_METHOD_MATCH = YES;
				COPY_PHASE_STRIP = NO;
				DEBUG_INFORMATION_FORMAT = "dwarf-with-dsym";
				ENABLE_NS_ASSERTIONS = NO;
				ENABLE_STRICT_OBJC_MSGSEND = YES;
				ENABLE_USER_SCRIPT_SANDBOXING = YES;
				GCC_C_LANGUAGE_STANDARD = gnu17;
				GCC_NO_COMMON_BLOCKS = YES;
				GCC_WARN_64_TO_32_BIT_CONVERSION = YES;
				GCC_WARN_ABOUT_RETURN_TYPE = YES_ERROR;
				GCC_WARN_UNDECLARED_SELECTOR = YES;
				GCC_WARN_UNINITIALIZED_AUTOS = YES_AGGRESSIVE;
				GCC_WARN_UNUSED_FUNCTION = YES;
				GCC_WARN_UNUSED_VARIABLE = YES;
				LOCALIZATION_PREFERS_STRING_CATALOGS = YES;
				MACOSX_DEPLOYMENT_TARGET = 14.0;
				MTL_ENABLE_DEBUG_INFO = NO;
				MTL_FAST_MATH = YES;
				SDKROOT = macosx;
				SWIFT_COMPILATION_MODE = wholemodule;
			};
			name = Release;
		};
		76A29AE22C2006EF0009A6CD /* Debug */ = {
			isa = XCBuildConfiguration;
			buildSettings = {
				CODE_SIGN_STYLE = Automatic;
				DEVELOPMENT_TEAM = Y7PRM9H29K;
				ENABLE_HARDENED_RUNTIME = YES;
				PRODUCT_NAME = "$(TARGET_NAME)";
				SWIFT_VERSION = 5.0;
			};
			name = Debug;
		};
		76A29AE32C2006EF0009A6CD /* Release */ = {
			isa = XCBuildConfiguration;
			buildSettings = {
				CODE_SIGN_STYLE = Automatic;
				DEVELOPMENT_TEAM = Y7PRM9H29K;
				ENABLE_HARDENED_RUNTIME = YES;
				PRODUCT_NAME = "$(TARGET_NAME)";
				SWIFT_VERSION = 5.0;
			};
			name = Release;
		};
/* End XCBuildConfiguration section */

/* Begin XCConfigurationList section */
		76A29AD52C2006EF0009A6CD /* Build configuration list for PBXProject "Algorithm" */ = {
			isa = XCConfigurationList;
			buildConfigurations = (
				76A29ADF2C2006EF0009A6CD /* Debug */,
				76A29AE02C2006EF0009A6CD /* Release */,
			);
			defaultConfigurationIsVisible = 0;
			defaultConfigurationName = Release;
		};
		76A29AE12C2006EF0009A6CD /* Build configuration list for PBXNativeTarget "Algorithm" */ = {
			isa = XCConfigurationList;
			buildConfigurations = (
				76A29AE22C2006EF0009A6CD /* Debug */,
				76A29AE32C2006EF0009A6CD /* Release */,
			);
			defaultConfigurationIsVisible = 0;
			defaultConfigurationName = Release;
		};
/* End XCConfigurationList section */
	};
	rootObject = 76A29AD22C2006EF0009A6CD /* Project object */;
}
